<?xml version="1.0" encoding="utf-8"?>
<Project ToolsVersion="4.0" xmlns="http://schemas.microsoft.com/developer/msbuild/2003">
  <ItemGroup>
    <Filter Include="ソース ファイル">
      <UniqueIdentifier>{4FC737F1-C7A5-4376-A066-2A32D752A2FF}</UniqueIdentifier>
      <Extensions>cpp;c;cc;cxx;def;odl;idl;hpj;bat;asm;asmx</Extensions>
    </Filter>
    <Filter Include="ヘッダー ファイル">
      <UniqueIdentifier>{93995380-89BD-4b04-88EB-625FBE52EBFB}</UniqueIdentifier>
      <Extensions>h;hh;hpp;hxx;hm;inl;inc;xsd</Extensions>
    </Filter>
    <Filter Include="リソース ファイル">
      <UniqueIdentifier>{67DA6AB6-F800-4c08-8B7A-83BB121AAD01}</UniqueIdentifier>
      <Extensions>rc;ico;cur;bmp;dlg;rc2;rct;bin;rgs;gif;jpg;jpeg;jpe;resx;tiff;tif;png;wav;mfcribbon-ms</Extensions>
    </Filter>
    <Filter Include="ソース ファイル\知らん奴">
      <UniqueIdentifier>{5b156911-07ff-4fe8-85c1-244eedfc7be4}</UniqueIdentifier>
    </Filter>
    <Filter Include="ヘッダー ファイル\知らん奴">
      <UniqueIdentifier>{9df5f4e7-0b0f-4ba2-b059-968047e33344}</UniqueIdentifier>
    </Filter>
    <Filter Include="ソース ファイル\杉本">
      <UniqueIdentifier>{ee142da8-68b4-462b-8e14-0f9d91abc61a}</UniqueIdentifier>
    </Filter>
    <Filter Include="ヘッダー ファイル\杉本">
      <UniqueIdentifier>{fe373cce-aaf8-4263-a9e8-466687055a6f}</UniqueIdentifier>
    </Filter>
  </ItemGroup>
  <ItemGroup>
    <ClCompile Include="billboord.cpp">
      <Filter>ソース ファイル\知らん奴</Filter>
    </ClCompile>
    <ClCompile Include="camerabace.cpp">
      <Filter>ソース ファイル\知らん奴</Filter>
    </ClCompile>
    <ClCompile Include="chick.cpp">
      <Filter>ソース ファイル\知らん奴</Filter>
    </ClCompile>
    <ClCompile Include="debugproc.cpp">
      <Filter>ソース ファイル\知らん奴</Filter>
    </ClCompile>
    <ClCompile Include="egg.cpp">
      <Filter>ソース ファイル\知らん奴</Filter>
    </ClCompile>
    <ClCompile Include="fade.cpp">
      <Filter>ソース ファイル\知らん奴</Filter>
    </ClCompile>
    <ClCompile Include="feed.cpp">
      <Filter>ソース ファイル\知らん奴</Filter>
    </ClCompile>
    <ClCompile Include="game.cpp">
      <Filter>ソース ファイル\知らん奴</Filter>
    </ClCompile>
    <ClCompile Include="gamecamera.cpp">
      <Filter>ソース ファイル\知らん奴</Filter>
    </ClCompile>
    <ClCompile Include="gameCharSelect.cpp">
      <Filter>ソース ファイル\知らん奴</Filter>
    </ClCompile>
    <ClCompile Include="gamePlay.cpp">
      <Filter>ソース ファイル\知らん奴</Filter>
    </ClCompile>
    <ClCompile Include="incline.cpp">
      <Filter>ソース ファイル\知らん奴</Filter>
    </ClCompile>
    <ClCompile Include="input.cpp">
      <Filter>ソース ファイル\知らん奴</Filter>
    </ClCompile>
    <ClCompile Include="light.cpp">
      <Filter>ソース ファイル\知らん奴</Filter>
    </ClCompile>
    <ClCompile Include="loadText.cpp">
      <Filter>ソース ファイル\知らん奴</Filter>
    </ClCompile>
    <ClCompile Include="main.cpp">
      <Filter>ソース ファイル\知らん奴</Filter>
    </ClCompile>
    <ClCompile Include="manager.cpp">
      <Filter>ソース ファイル\知らん奴</Filter>
    </ClCompile>
    <ClCompile Include="mesh.cpp">
      <Filter>ソース ファイル\知らん奴</Filter>
    </ClCompile>
    <ClCompile Include="meshCylinder.cpp">
      <Filter>ソース ファイル\知らん奴</Filter>
    </ClCompile>
    <ClCompile Include="meshfield.cpp">
      <Filter>ソース ファイル\知らん奴</Filter>
    </ClCompile>
    <ClCompile Include="meshorbit.cpp">
      <Filter>ソース ファイル\知らん奴</Filter>
    </ClCompile>
    <ClCompile Include="model.cpp">
      <Filter>ソース ファイル\知らん奴</Filter>
    </ClCompile>
    <ClCompile Include="model3D.cpp">
      <Filter>ソース ファイル\知らん奴</Filter>
    </ClCompile>
    <ClCompile Include="motion.cpp">
      <Filter>ソース ファイル\知らん奴</Filter>
    </ClCompile>
    <ClCompile Include="number.cpp">
      <Filter>ソース ファイル\知らん奴</Filter>
    </ClCompile>
    <ClCompile Include="object.cpp">
      <Filter>ソース ファイル\知らん奴</Filter>
    </ClCompile>
    <ClCompile Include="pause.cpp">
      <Filter>ソース ファイル\知らん奴</Filter>
    </ClCompile>
    <ClCompile Include="polygon3D.cpp">
      <Filter>ソース ファイル\知らん奴</Filter>
    </ClCompile>
    <ClCompile Include="ranking.cpp">
      <Filter>ソース ファイル\知らん奴</Filter>
    </ClCompile>
    <ClCompile Include="renderer.cpp">
      <Filter>ソース ファイル\知らん奴</Filter>
    </ClCompile>
    <ClCompile Include="result.cpp">
      <Filter>ソース ファイル\知らん奴</Filter>
    </ClCompile>
    <ClCompile Include="resultcamera.cpp">
      <Filter>ソース ファイル\知らん奴</Filter>
    </ClCompile>
    <ClCompile Include="scene.cpp">
      <Filter>ソース ファイル\知らん奴</Filter>
    </ClCompile>
    <ClCompile Include="scene2D.cpp">
      <Filter>ソース ファイル\知らん奴</Filter>
    </ClCompile>
    <ClCompile Include="scene3D.cpp">
      <Filter>ソース ファイル\知らん奴</Filter>
    </ClCompile>
    <ClCompile Include="select.cpp">
      <Filter>ソース ファイル\知らん奴</Filter>
    </ClCompile>
    <ClCompile Include="Server.cpp">
      <Filter>ソース ファイル\知らん奴</Filter>
    </ClCompile>
    <ClCompile Include="shadow.cpp">
      <Filter>ソース ファイル\知らん奴</Filter>
    </ClCompile>
    <ClCompile Include="sound.cpp">
      <Filter>ソース ファイル\知らん奴</Filter>
    </ClCompile>
    <ClCompile Include="title.cpp">
      <Filter>ソース ファイル\知らん奴</Filter>
    </ClCompile>
    <ClCompile Include="titlecamera.cpp">
      <Filter>ソース ファイル\知らん奴</Filter>
    </ClCompile>
    <ClCompile Include="titlemenu.cpp">
      <Filter>ソース ファイル\知らん奴</Filter>
    </ClCompile>
    <ClCompile Include="tutorial.cpp">
      <Filter>ソース ファイル\知らん奴</Filter>
    </ClCompile>
    <ClCompile Include="ui.cpp">
      <Filter>ソース ファイル\知らん奴</Filter>
    </ClCompile>
    <ClCompile Include="wall.cpp">
      <Filter>ソース ファイル\知らん奴</Filter>
    </ClCompile>
    <ClCompile Include="player.cpp">
      <Filter>ソース ファイル</Filter>
    </ClCompile>
    <ClCompile Include="toonshader.cpp">
      <Filter>ソース ファイル</Filter>
    </ClCompile>
    <ClCompile Include="ColMesh.cpp">
      <Filter>ソース ファイル\杉本</Filter>
    </ClCompile>
    <ClCompile Include="ModelEffect.cpp">
      <Filter>ソース ファイル\杉本</Filter>
    </ClCompile>
    <ClCompile Include="NorMesh.cpp">
      <Filter>ソース ファイル\杉本</Filter>
    </ClCompile>
    <ClCompile Include="RoadPointer.cpp">
      <Filter>ソース ファイル\杉本</Filter>
    </ClCompile>
    <ClCompile Include="2DPolygon.cpp">
      <Filter>ソース ファイル\杉本</Filter>
    </ClCompile>
    <ClCompile Include="DispEffect.cpp">
      <Filter>ソース ファイル\杉本</Filter>
    </ClCompile>
    <ClCompile Include="particle.cpp">
      <Filter>ソース ファイル\知らん奴</Filter>
    </ClCompile>
    <ClCompile Include="resultui.cpp">
      <Filter>ソース ファイル\知らん奴</Filter>
    </ClCompile>
    <ClCompile Include="time.cpp">
      <Filter>ソース ファイル\知らん奴</Filter>
    </ClCompile>
    <ClCompile Include="Orbit.cpp">
      <Filter>ソース ファイル\杉本</Filter>
    </ClCompile>
    <ClCompile Include="Character.cpp">
      <Filter>ソース ファイル\杉本</Filter>
    </ClCompile>
  </ItemGroup>
  <ItemGroup>
    <ClInclude Include="billboord.h">
      <Filter>ヘッダー ファイル\知らん奴</Filter>
    </ClInclude>
    <ClInclude Include="camerabace.h">
      <Filter>ヘッダー ファイル\知らん奴</Filter>
    </ClInclude>
    <ClInclude Include="chick.h">
      <Filter>ヘッダー ファイル\知らん奴</Filter>
    </ClInclude>
    <ClInclude Include="debugproc.h">
      <Filter>ヘッダー ファイル\知らん奴</Filter>
    </ClInclude>
    <ClInclude Include="egg.h">
      <Filter>ヘッダー ファイル\知らん奴</Filter>
    </ClInclude>
    <ClInclude Include="fade.h">
      <Filter>ヘッダー ファイル\知らん奴</Filter>
    </ClInclude>
    <ClInclude Include="feed.h">
      <Filter>ヘッダー ファイル\知らん奴</Filter>
    </ClInclude>
    <ClInclude Include="game.h">
      <Filter>ヘッダー ファイル\知らん奴</Filter>
    </ClInclude>
    <ClInclude Include="gamecamera.h">
      <Filter>ヘッダー ファイル\知らん奴</Filter>
    </ClInclude>
    <ClInclude Include="gameCharSelect.h">
      <Filter>ヘッダー ファイル\知らん奴</Filter>
    </ClInclude>
    <ClInclude Include="gamePlay.h">
      <Filter>ヘッダー ファイル\知らん奴</Filter>
    </ClInclude>
    <ClInclude Include="incline.h">
      <Filter>ヘッダー ファイル\知らん奴</Filter>
    </ClInclude>
    <ClInclude Include="input.h">
      <Filter>ヘッダー ファイル\知らん奴</Filter>
    </ClInclude>
    <ClInclude Include="light.h">
      <Filter>ヘッダー ファイル\知らん奴</Filter>
    </ClInclude>
    <ClInclude Include="loadText.h">
      <Filter>ヘッダー ファイル\知らん奴</Filter>
    </ClInclude>
    <ClInclude Include="main.h">
      <Filter>ヘッダー ファイル\知らん奴</Filter>
    </ClInclude>
    <ClInclude Include="manager.h">
      <Filter>ヘッダー ファイル\知らん奴</Filter>
    </ClInclude>
    <ClInclude Include="mesh.h">
      <Filter>ヘッダー ファイル\知らん奴</Filter>
    </ClInclude>
    <ClInclude Include="meshCylinder.h">
      <Filter>ヘッダー ファイル\知らん奴</Filter>
    </ClInclude>
    <ClInclude Include="meshfield.h">
      <Filter>ヘッダー ファイル\知らん奴</Filter>
    </ClInclude>
    <ClInclude Include="meshorbit.h">
      <Filter>ヘッダー ファイル\知らん奴</Filter>
    </ClInclude>
    <ClInclude Include="model.h">
      <Filter>ヘッダー ファイル\知らん奴</Filter>
    </ClInclude>
    <ClInclude Include="motion.h">
      <Filter>ヘッダー ファイル\知らん奴</Filter>
    </ClInclude>
    <ClInclude Include="number.h">
      <Filter>ヘッダー ファイル\知らん奴</Filter>
    </ClInclude>
    <ClInclude Include="object.h">
      <Filter>ヘッダー ファイル\知らん奴</Filter>
    </ClInclude>
    <ClInclude Include="pause.h">
      <Filter>ヘッダー ファイル\知らん奴</Filter>
    </ClInclude>
    <ClInclude Include="polygon3D.h">
      <Filter>ヘッダー ファイル\知らん奴</Filter>
    </ClInclude>
    <ClInclude Include="ranking.h">
      <Filter>ヘッダー ファイル\知らん奴</Filter>
    </ClInclude>
    <ClInclude Include="renderer.h">
      <Filter>ヘッダー ファイル\知らん奴</Filter>
    </ClInclude>
    <ClInclude Include="resource.h">
      <Filter>ヘッダー ファイル\知らん奴</Filter>
    </ClInclude>
    <ClInclude Include="result.h">
      <Filter>ヘッダー ファイル\知らん奴</Filter>
    </ClInclude>
    <ClInclude Include="resultcamera.h">
      <Filter>ヘッダー ファイル\知らん奴</Filter>
    </ClInclude>
    <ClInclude Include="scene.h">
      <Filter>ヘッダー ファイル\知らん奴</Filter>
    </ClInclude>
    <ClInclude Include="scene2D.h">
      <Filter>ヘッダー ファイル\知らん奴</Filter>
    </ClInclude>
    <ClInclude Include="select.h">
      <Filter>ヘッダー ファイル\知らん奴</Filter>
    </ClInclude>
    <ClInclude Include="Server.h">
      <Filter>ヘッダー ファイル\知らん奴</Filter>
    </ClInclude>
    <ClInclude Include="shadow.h">
      <Filter>ヘッダー ファイル\知らん奴</Filter>
    </ClInclude>
    <ClInclude Include="sound.h">
      <Filter>ヘッダー ファイル\知らん奴</Filter>
    </ClInclude>
    <ClInclude Include="title.h">
      <Filter>ヘッダー ファイル\知らん奴</Filter>
    </ClInclude>
    <ClInclude Include="titlecamera.h">
      <Filter>ヘッダー ファイル\知らん奴</Filter>
    </ClInclude>
    <ClInclude Include="titlemenu.h">
      <Filter>ヘッダー ファイル\知らん奴</Filter>
    </ClInclude>
    <ClInclude Include="tutorial.h">
      <Filter>ヘッダー ファイル\知らん奴</Filter>
    </ClInclude>
    <ClInclude Include="ui.h">
      <Filter>ヘッダー ファイル\知らん奴</Filter>
    </ClInclude>
    <ClInclude Include="wall.h">
      <Filter>ヘッダー ファイル\知らん奴</Filter>
    </ClInclude>
    <ClInclude Include="player.h">
      <Filter>ヘッダー ファイル</Filter>
    </ClInclude>
    <ClInclude Include="toonshader.h">
      <Filter>ヘッダー ファイル</Filter>
    </ClInclude>
    <ClInclude Include="scene3D.h">
      <Filter>ヘッダー ファイル\知らん奴</Filter>
    </ClInclude>
    <ClInclude Include="model3D.h">
      <Filter>ヘッダー ファイル</Filter>
    </ClInclude>
    <ClInclude Include="ColMesh.h">
      <Filter>ヘッダー ファイル\杉本</Filter>
    </ClInclude>
    <ClInclude Include="ModelEffect.h">
      <Filter>ヘッダー ファイル\杉本</Filter>
    </ClInclude>
    <ClInclude Include="NorMesh.h">
      <Filter>ヘッダー ファイル\杉本</Filter>
    </ClInclude>
    <ClInclude Include="RoadPointer.h">
      <Filter>ヘッダー ファイル\杉本</Filter>
    </ClInclude>
    <ClInclude Include="2DPolygon.h">
      <Filter>ヘッダー ファイル\杉本</Filter>
    </ClInclude>
    <ClInclude Include="DispEffect.h">
      <Filter>ヘッダー ファイル\杉本</Filter>
    </ClInclude>
    <ClInclude Include="particle.h">
      <Filter>ヘッダー ファイル\知らん奴</Filter>
    </ClInclude>
    <ClInclude Include="resultui.h">
      <Filter>ヘッダー ファイル\知らん奴</Filter>
    </ClInclude>
    <ClInclude Include="time.h">
      <Filter>ヘッダー ファイル\知らん奴</Filter>
    </ClInclude>
    <ClInclude Include="Orbit.h">
      <Filter>ヘッダー ファイル\杉本</Filter>
    </ClInclude>
    <ClInclude Include="Character.h">
      <Filter>ヘッダー ファイル\杉本</Filter>
    </ClInclude>
  </ItemGroup>
  <ItemGroup>
    <None Include="niam.aps" />
  </ItemGroup>
  <ItemGroup>
    <ResourceCompile Include="niam.rc">
      <Filter>リソース ファイル</Filter>
    </ResourceCompile>
  </ItemGroup>
  <ItemGroup>
    <FxCompile Include="data\SHADER\ToonShader.fx" />
  </ItemGroup>
</Project>